
Microsoft Visual Studio Solution File, Format Version 12.00
# Visual Studio Version 17
VisualStudioVersion = 17.0.31903.59
MinimumVisualStudioVersion = 10.0.40219.1
Project("{2150E333-8FDC-42A3-9474-1A3956D46DE8}") = "src", "src", "{827E0CD3-B72D-47B6-A68D-7590B98EB39B}"
EndProject
Project("{FAE04EC0-301F-11D3-BF4B-00C04F79EFBC}") = "Venue.Core", "src\Venue.Core\Venue.Core.csproj", "{AB0F834E-2EF9-4A3F-9AD8-F0E8304142BE}"
EndProject
Project("{FAE04EC0-301F-11D3-BF4B-00C04F79EFBC}") = "Venue.Api", "src\Venue.Api\Venue.Api.csproj", "{95FD2722-A20C-4F74-8225-7602C018CD1C}"
EndProject
Project("{FAE04EC0-301F-11D3-BF4B-00C04F79EFBC}") = "Venue.Core.Tests", "tests\Venue.Core.Tests\Venue.Core.Tests.csproj", "{54D6BD90-D34A-4B3D-B081-950B61C04252}"
EndProject
Global
	GlobalSection(SolutionConfigurationPlatforms) = preSolution
		Debug|Any CPU = Debug|Any CPU
		Debug|x64 = Debug|x64
		Debug|x86 = Debug|x86
		Release|Any CPU = Release|Any CPU
		Release|x64 = Release|x64
		Release|x86 = Release|x86
	EndGlobalSection
	GlobalSection(ProjectConfigurationPlatforms) = postSolution
		{AB0F834E-2EF9-4A3F-9AD8-F0E8304142BE}.Debug|Any CPU.ActiveCfg = Debug|Any CPU
		{AB0F834E-2EF9-4A3F-9AD8-F0E8304142BE}.Debug|Any CPU.Build.0 = Debug|Any CPU
		{AB0F834E-2EF9-4A3F-9AD8-F0E8304142BE}.Debug|x64.ActiveCfg = Debug|Any CPU
		{AB0F834E-2EF9-4A3F-9AD8-F0E8304142BE}.Debug|x64.Build.0 = Debug|Any CPU
		{AB0F834E-2EF9-4A3F-9AD8-F0E8304142BE}.Debug|x86.ActiveCfg = Debug|Any CPU
		{AB0F834E-2EF9-4A3F-9AD8-F0E8304142BE}.Debug|x86.Build.0 = Debug|Any CPU
		{AB0F834E-2EF9-4A3F-9AD8-F0E8304142BE}.Release|Any CPU.ActiveCfg = Release|Any CPU
		{AB0F834E-2EF9-4A3F-9AD8-F0E8304142BE}.Release|Any CPU.Build.0 = Release|Any CPU
		{AB0F834E-2EF9-4A3F-9AD8-F0E8304142BE}.Release|x64.ActiveCfg = Release|Any CPU
		{AB0F834E-2EF9-4A3F-9AD8-F0E8304142BE}.Release|x64.Build.0 = Release|Any CPU
		{AB0F834E-2EF9-4A3F-9AD8-F0E8304142BE}.Release|x86.ActiveCfg = Release|Any CPU
		{AB0F834E-2EF9-4A3F-9AD8-F0E8304142BE}.Release|x86.Build.0 = Release|Any CPU
		{95FD2722-A20C-4F74-8225-7602C018CD1C}.Debug|Any CPU.ActiveCfg = Debug|Any CPU
		{95FD2722-A20C-4F74-8225-7602C018CD1C}.Debug|Any CPU.Build.0 = Debug|Any CPU
		{95FD2722-A20C-4F74-8225-7602C018CD1C}.Debug|x64.ActiveCfg = Debug|Any CPU
		{95FD2722-A20C-4F74-8225-7602C018CD1C}.Debug|x64.Build.0 = Debug|Any CPU
		{95FD2722-A20C-4F74-8225-7602C018CD1C}.Debug|x86.ActiveCfg = Debug|Any CPU
		{95FD2722-A20C-4F74-8225-7602C018CD1C}.Debug|x86.Build.0 = Debug|Any CPU
		{95FD2722-A20C-4F74-8225-7602C018CD1C}.Release|Any CPU.ActiveCfg = Release|Any CPU
		{95FD2722-A20C-4F74-8225-7602C018CD1C}.Release|Any CPU.Build.0 = Release|Any CPU
		{95FD2722-A20C-4F74-8225-7602C018CD1C}.Release|x64.ActiveCfg = Release|Any CPU
		{95FD2722-A20C-4F74-8225-7602C018CD1C}.Release|x64.Build.0 = Release|Any CPU
		{95FD2722-A20C-4F74-8225-7602C018CD1C}.Release|x86.ActiveCfg = Release|Any CPU
		{95FD2722-A20C-4F74-8225-7602C018CD1C}.Release|x86.Build.0 = Release|Any CPU
		{54D6BD90-D34A-4B3D-B081-950B61C04252}.Debug|Any CPU.ActiveCfg = Debug|Any CPU
		{54D6BD90-D34A-4B3D-B081-950B61C04252}.Debug|Any CPU.Build.0 = Debug|Any CPU
		{54D6BD90-D34A-4B3D-B081-950B61C04252}.Debug|x64.ActiveCfg = Debug|Any CPU
		{54D6BD90-D34A-4B3D-B081-950B61C04252}.Debug|x64.Build.0 = Debug|Any CPU
		{54D6BD90-D34A-4B3D-B081-950B61C04252}.Debug|x86.ActiveCfg = Debug|Any CPU
		{54D6BD90-D34A-4B3D-B081-950B61C04252}.Debug|x86.Build.0 = Debug|Any CPU
		{54D6BD90-D34A-4B3D-B081-950B61C04252}.Release|Any CPU.ActiveCfg = Release|Any CPU
		{54D6BD90-D34A-4B3D-B081-950B61C04252}.Release|Any CPU.Build.0 = Release|Any CPU
		{54D6BD90-D34A-4B3D-B081-950B61C04252}.Release|x64.ActiveCfg = Release|Any CPU
		{54D6BD90-D34A-4B3D-B081-950B61C04252}.Release|x64.Build.0 = Release|Any CPU
		{54D6BD90-D34A-4B3D-B081-950B61C04252}.Release|x86.ActiveCfg = Release|Any CPU
		{54D6BD90-D34A-4B3D-B081-950B61C04252}.Release|x86.Build.0 = Release|Any CPU
	EndGlobalSection
	GlobalSection(SolutionProperties) = preSolution
		HideSolutionNode = FALSE
	EndGlobalSection
	GlobalSection(NestedProjects) = preSolution
		{AB0F834E-2EF9-4A3F-9AD8-F0E8304142BE} = {827E0CD3-B72D-47B6-A68D-7590B98EB39B}
		{95FD2722-A20C-4F74-8225-7602C018CD1C} = {827E0CD3-B72D-47B6-A68D-7590B98EB39B}
		{54D6BD90-D34A-4B3D-B081-950B61C04252} = {827E0CD3-B72D-47B6-A68D-7590B98EB39B}
	EndGlobalSection
EndGlobal
